// !$*UTF8*$!
{
	archiveVersion = 1;
	classes = {
	};
	objectVersion = 55;
	objects = {

/* Begin PBXBuildFile section */
		EB65008E2877697D00907E85 /* WebView.swift in Sources */ = {isa = PBXBuildFile; fileRef = EB65008D2877697D00907E85 /* WebView.swift */; };
		EBA8B0AB28774B360069682B /* H4X0R_NewsApp.swift in Sources */ = {isa = PBXBuildFile; fileRef = EBA8B09B28774B350069682B /* H4X0R_NewsApp.swift */; };
		EBA8B0AC28774B360069682B /* H4X0R_NewsApp.swift in Sources */ = {isa = PBXBuildFile; fileRef = EBA8B09B28774B350069682B /* H4X0R_NewsApp.swift */; };
		EBA8B0AD28774B360069682B /* ContentView.swift in Sources */ = {isa = PBXBuildFile; fileRef = EBA8B09C28774B350069682B /* ContentView.swift */; };
		EBA8B0AE28774B360069682B /* ContentView.swift in Sources */ = {isa = PBXBuildFile; fileRef = EBA8B09C28774B350069682B /* ContentView.swift */; };
		EBA8B0AF28774B360069682B /* Assets.xcassets in Resources */ = {isa = PBXBuildFile; fileRef = EBA8B09D28774B360069682B /* Assets.xcassets */; };
		EBA8B0B028774B360069682B /* Assets.xcassets in Resources */ = {isa = PBXBuildFile; fileRef = EBA8B09D28774B360069682B /* Assets.xcassets */; };
		EBA8B0BB28774D670069682B /* NetworkManager.swift in Sources */ = {isa = PBXBuildFile; fileRef = EBA8B0BA28774D670069682B /* NetworkManager.swift */; };
		EBA8B0BD28774E5C0069682B /* PostData.swift in Sources */ = {isa = PBXBuildFile; fileRef = EBA8B0BC28774E5C0069682B /* PostData.swift */; };
		EBA8B0C22877631E0069682B /* DetailView.swift in Sources */ = {isa = PBXBuildFile; fileRef = EBA8B0C12877631E0069682B /* DetailView.swift */; };
/* End PBXBuildFile section */

/* Begin PBXFileReference section */
		EB3C94672885CEE30068DFA6 /* H4X0R News (iOS).entitlements */ = {isa = PBXFileReference; lastKnownFileType = text.plist.entitlements; path = "H4X0R News (iOS).entitlements"; sourceTree = "<group>"; };
		EB65008D2877697D00907E85 /* WebView.swift */ = {isa = PBXFileReference; lastKnownFileType = sourcecode.swift; path = WebView.swift; sourceTree = "<group>"; };
		EBA8B09B28774B350069682B /* H4X0R_NewsApp.swift */ = {isa = PBXFileReference; lastKnownFileType = sourcecode.swift; path = H4X0R_NewsApp.swift; sourceTree = "<group>"; };
		EBA8B09C28774B350069682B /* ContentView.swift */ = {isa = PBXFileReference; lastKnownFileType = sourcecode.swift; path = ContentView.swift; sourceTree = "<group>"; };
		EBA8B09D28774B360069682B /* Assets.xcassets */ = {isa = PBXFileReference; lastKnownFileType = folder.assetcatalog; path = Assets.xcassets; sourceTree = "<group>"; };
		EBA8B0A228774B360069682B /* H4X0R News.app */ = {isa = PBXFileReference; explicitFileType = wrapper.application; includeInIndex = 0; path = "H4X0R News.app"; sourceTree = BUILT_PRODUCTS_DIR; };
		EBA8B0A828774B360069682B /* H4X0R News.app */ = {isa = PBXFileReference; explicitFileType = wrapper.application; includeInIndex = 0; path = "H4X0R News.app"; sourceTree = BUILT_PRODUCTS_DIR; };
		EBA8B0AA28774B360069682B /* macOS.entitlements */ = {isa = PBXFileReference; lastKnownFileType = text.plist.entitlements; path = macOS.entitlements; sourceTree = "<group>"; };
		EBA8B0BA28774D670069682B /* NetworkManager.swift */ = {isa = PBXFileReference; lastKnownFileType = sourcecode.swift; path = NetworkManager.swift; sourceTree = "<group>"; };
		EBA8B0BC28774E5C0069682B /* PostData.swift */ = {isa = PBXFileReference; lastKnownFileType = sourcecode.swift; path = PostData.swift; sourceTree = "<group>"; };
		EBA8B0C12877631E0069682B /* DetailView.swift */ = {isa = PBXFileReference; lastKnownFileType = sourcecode.swift; path = DetailView.swift; sourceTree = "<group>"; };
/* End PBXFileReference section */

/* Begin PBXFrameworksBuildPhase section */
		EBA8B09F28774B360069682B /* Frameworks */ = {
			isa = PBXFrameworksBuildPhase;
			buildActionMask = 2147483647;
			files = (
			);
			runOnlyForDeploymentPostprocessing = 0;
		};
		EBA8B0A528774B360069682B /* Frameworks */ = {
			isa = PBXFrameworksBuildPhase;
			buildActionMask = 2147483647;
			files = (
			);
			runOnlyForDeploymentPostprocessing = 0;
		};
/* End PBXFrameworksBuildPhase section */

/* Begin PBXGroup section */
		EBA8B09528774B350069682B = {
			isa = PBXGroup;
			children = (
				EB3C94672885CEE30068DFA6 /* H4X0R News (iOS).entitlements */,
				EBA8B09B28774B350069682B /* H4X0R_NewsApp.swift */,
				EBA8B09D28774B360069682B /* Assets.xcassets */,
				EBA8B09A28774B350069682B /* Views */,
				EBA8B0B928774D440069682B /* Models */,
				EBA8B0A928774B360069682B /* macOS */,
				EBA8B0A328774B360069682B /* Products */,
			);
			sourceTree = "<group>";
		};
		EBA8B09A28774B350069682B /* Views */ = {
			isa = PBXGroup;
			children = (
				EBA8B09C28774B350069682B /* ContentView.swift */,
				EBA8B0C12877631E0069682B /* DetailView.swift */,
				EB65008D2877697D00907E85 /* WebView.swift */,
			);
			path = Views;
			sourceTree = "<group>";
		};
		EBA8B0A328774B360069682B /* Products */ = {
			isa = PBXGroup;
			children = (
				EBA8B0A228774B360069682B /* H4X0R News.app */,
				EBA8B0A828774B360069682B /* H4X0R News.app */,
			);
			name = Products;
			sourceTree = "<group>";
		};
		EBA8B0A928774B360069682B /* macOS */ = {
			isa = PBXGroup;
			children = (
				EBA8B0AA28774B360069682B /* macOS.entitlements */,
			);
			path = macOS;
			sourceTree = "<group>";
		};
		EBA8B0B928774D440069682B /* Models */ = {
			isa = PBXGroup;
			children = (
				EBA8B0BA28774D670069682B /* NetworkManager.swift */,
				EBA8B0BC28774E5C0069682B /* PostData.swift */,
			);
			path = Models;
			sourceTree = "<group>";
		};
/* End PBXGroup section */

/* Begin PBXNativeTarget section */
		EBA8B0A128774B360069682B /* H4X0R News (iOS) */ = {
			isa = PBXNativeTarget;
			buildConfigurationList = EBA8B0B328774B360069682B /* Build configuration list for PBXNativeTarget "H4X0R News (iOS)" */;
			buildPhases = (
				EBA8B09E28774B360069682B /* Sources */,
				EBA8B09F28774B360069682B /* Frameworks */,
				EBA8B0A028774B360069682B /* Resources */,
			);
			buildRules = (
			);
			dependencies = (
			);
			name = "H4X0R News (iOS)";
			productName = "H4X0R News (iOS)";
			productReference = EBA8B0A228774B360069682B /* H4X0R News.app */;
			productType = "com.apple.product-type.application";
		};
		EBA8B0A728774B360069682B /* H4X0R News (macOS) */ = {
			isa = PBXNativeTarget;
			buildConfigurationList = EBA8B0B628774B360069682B /* Build configuration list for PBXNativeTarget "H4X0R News (macOS)" */;
			buildPhases = (
				EBA8B0A428774B360069682B /* Sources */,
				EBA8B0A528774B360069682B /* Frameworks */,
				EBA8B0A628774B360069682B /* Resources */,
			);
			buildRules = (
			);
			dependencies = (
			);
			name = "H4X0R News (macOS)";
			productName = "H4X0R News (macOS)";
			productReference = EBA8B0A828774B360069682B /* H4X0R News.app */;
			productType = "com.apple.product-type.application";
		};
/* End PBXNativeTarget section */

/* Begin PBXProject section */
		EBA8B09628774B350069682B /* Project object */ = {
			isa = PBXProject;
			attributes = {
				BuildIndependentTargetsInParallel = 1;
				LastSwiftUpdateCheck = 1340;
				LastUpgradeCheck = 1340;
				TargetAttributes = {
					EBA8B0A128774B360069682B = {
						CreatedOnToolsVersion = 13.4.1;
					};
					EBA8B0A728774B360069682B = {
						CreatedOnToolsVersion = 13.4.1;
					};
				};
			};
			buildConfigurationList = EBA8B09928774B350069682B /* Build configuration list for PBXProject "H4X0R News" */;
			compatibilityVersion = "Xcode 13.0";
			developmentRegion = en;
			hasScannedForEncodings = 0;
			knownRegions = (
				en,
				Base,
			);
			mainGroup = EBA8B09528774B350069682B;
			productRefGroup = EBA8B0A328774B360069682B /* Products */;
			projectDirPath = "";
			projectRoot = "";
			targets = (
				EBA8B0A128774B360069682B /* H4X0R News (iOS) */,
				EBA8B0A728774B360069682B /* H4X0R News (macOS) */,
			);
		};
/* End PBXProject section */

/* Begin PBXResourcesBuildPhase section */
		EBA8B0A028774B360069682B /* Resources */ = {
			isa = PBXResourcesBuildPhase;
			buildActionMask = 2147483647;
			files = (
				EBA8B0AF28774B360069682B /* Assets.xcassets in Resources */,
			);
			runOnlyForDeploymentPostprocessing = 0;
		};
		EBA8B0A628774B360069682B /* Resources */ = {
			isa = PBXResourcesBuildPhase;
			buildActionMask = 2147483647;
			files = (
				EBA8B0B028774B360069682B /* Assets.xcassets in Resources */,
			);
			runOnlyForDeploymentPostprocessing = 0;
		};
/* End PBXResourcesBuildPhase section */

/* Begin PBXSourcesBuildPhase section */
		EBA8B09E28774B360069682B /* Sources */ = {
			isa = PBXSourcesBuildPhase;
			buildActionMask = 2147483647;
			files = (
				EBA8B0BB28774D670069682B /* NetworkManager.swift in Sources */,
				EBA8B0BD28774E5C0069682B /* PostData.swift in Sources */,
				EBA8B0AD28774B360069682B /* ContentView.swift in Sources */,
				EB65008E2877697D00907E85 /* WebView.swift in Sources */,
				EBA8B0C22877631E0069682B /* DetailView.swift in Sources */,
				EBA8B0AB28774B360069682B /* H4X0R_NewsApp.swift in Sources */,
			);
			runOnlyForDeploymentPostprocessing = 0;
		};
		EBA8B0A428774B360069682B /* Sources */ = {
			isa = PBXSourcesBuildPhase;
			buildActionMask = 2147483647;
			files = (
				EBA8B0AE28774B360069682B /* ContentView.swift in Sources */,
				EBA8B0AC28774B360069682B /* H4X0R_NewsApp.swift in Sources */,
			);
			runOnlyForDeploymentPostprocessing = 0;
		};
/* End PBXSourcesBuildPhase section */

/* Begin XCBuildConfiguration section */
		EBA8B0B128774B360069682B /* Debug */ = {
			isa = XCBuildConfiguration;
			buildSettings = {
				ALWAYS_SEARCH_USER_PATHS = NO;
				CLANG_ANALYZER_NONNULL = YES;
				CLANG_ANALYZER_NUMBER_OBJECT_CONVERSION = YES_AGGRESSIVE;
				CLANG_CXX_LANGUAGE_STANDARD = "gnu++17";
				CLANG_ENABLE_MODULES = YES;
				CLANG_ENABLE_OBJC_ARC = YES;
				CLANG_ENABLE_OBJC_WEAK = YES;
				CLANG_WARN_BLOCK_CAPTURE_AUTORELEASING = YES;
				CLANG_WARN_BOOL_CONVERSION = YES;
				CLANG_WARN_COMMA = YES;
				CLANG_WARN_CONSTANT_CONVERSION = YES;
				CLANG_WARN_DEPRECATED_OBJC_IMPLEMENTATIONS = YES;
				CLANG_WARN_DIRECT_OBJC_ISA_USAGE = YES_ERROR;
				CLANG_WARN_DOCUMENTATION_COMMENTS = YES;
				CLANG_WARN_EMPTY_BODY = YES;
				CLANG_WARN_ENUM_CONVERSION = YES;
				CLANG_WARN_INFINITE_RECURSION = YES;
				CLANG_WARN_INT_CONVERSION = YES;
				CLANG_WARN_NON_LITERAL_NULL_CONVERSION = YES;
				CLANG_WARN_OBJC_IMPLICIT_RETAIN_SELF = YES;
				CLANG_WARN_OBJC_LITERAL_CONVERSION = YES;
				CLANG_WARN_OBJC_ROOT_CLASS = YES_ERROR;
				CLANG_WARN_QUOTED_INCLUDE_IN_FRAMEWORK_HEADER = YES;
				CLANG_WARN_RANGE_LOOP_ANALYSIS = YES;
				CLANG_WARN_STRICT_PROTOTYPES = YES;
				CLANG_WARN_SUSPICIOUS_MOVE = YES;
				CLANG_WARN_UNGUARDED_AVAILABILITY = YES_AGGRESSIVE;
				CLANG_WARN_UNREACHABLE_CODE = YES;
				CLANG_WARN__DUPLICATE_METHOD_MATCH = YES;
				COPY_PHASE_STRIP = NO;
				DEBUG_INFORMATION_FORMAT = dwarf;
				ENABLE_STRICT_OBJC_MSGSEND = YES;
				ENABLE_TESTABILITY = YES;
				GCC_C_LANGUAGE_STANDARD = gnu11;
				GCC_DYNAMIC_NO_PIC = NO;
				GCC_NO_COMMON_BLOCKS = YES;
				GCC_OPTIMIZATION_LEVEL = 0;
				GCC_PREPROCESSOR_DEFINITIONS = (
					"DEBUG=1",
					"$(inherited)",
				);
				GCC_WARN_64_TO_32_BIT_CONVERSION = YES;
				GCC_WARN_ABOUT_RETURN_TYPE = YES_ERROR;
				GCC_WARN_UNDECLARED_SELECTOR = YES;
				GCC_WARN_UNINITIALIZED_AUTOS = YES_AGGRESSIVE;
				GCC_WARN_UNUSED_FUNCTION = YES;
				GCC_WARN_UNUSED_VARIABLE = YES;
				MTL_ENABLE_DEBUG_INFO = INCLUDE_SOURCE;
				MTL_FAST_MATH = YES;
				ONLY_ACTIVE_ARCH = YES;
				SWIFT_ACTIVE_COMPILATION_CONDITIONS = DEBUG;
				SWIFT_OPTIMIZATION_LEVEL = "-Onone";
			};
			name = Debug;
		};
		EBA8B0B228774B360069682B /* Release */ = {
			isa = XCBuildConfiguration;
			buildSettings = {
				ALWAYS_SEARCH_USER_PATHS = NO;
				CLANG_ANALYZER_NONNULL = YES;
				CLANG_ANALYZER_NUMBER_OBJECT_CONVERSION = YES_AGGRESSIVE;
				CLANG_CXX_LANGUAGE_STANDARD = "gnu++17";
				CLANG_ENABLE_MODULES = YES;
				CLANG_ENABLE_OBJC_ARC = YES;
				CLANG_ENABLE_OBJC_WEAK = YES;
				CLANG_WARN_BLOCK_CAPTURE_AUTORELEASING = YES;
				CLANG_WARN_BOOL_CONVERSION = YES;
				CLANG_WARN_COMMA = YES;
				CLANG_WARN_CONSTANT_CONVERSION = YES;
				CLANG_WARN_DEPRECATED_OBJC_IMPLEMENTATIONS = YES;
				CLANG_WARN_DIRECT_OBJC_ISA_USAGE = YES_ERROR;
				CLANG_WARN_DOCUMENTATION_COMMENTS = YES;
				CLANG_WARN_EMPTY_BODY = YES;
				CLANG_WARN_ENUM_CONVERSION = YES;
				CLANG_WARN_INFINITE_RECURSION = YES;
				CLANG_WARN_INT_CONVERSION = YES;
				CLANG_WARN_NON_LITERAL_NULL_CONVERSION = YES;
				CLANG_WARN_OBJC_IMPLICIT_RETAIN_SELF = YES;
				CLANG_WARN_OBJC_LITERAL_CONVERSION = YES;
				CLANG_WARN_OBJC_ROOT_CLASS = YES_ERROR;
				CLANG_WARN_QUOTED_INCLUDE_IN_FRAMEWORK_HEADER = YES;
				CLANG_WARN_RANGE_LOOP_ANALYSIS = YES;
				CLANG_WARN_STRICT_PROTOTYPES = YES;
				CLANG_WARN_SUSPICIOUS_MOVE = YES;
				CLANG_WARN_UNGUARDED_AVAILABILITY = YES_AGGRESSIVE;
				CLANG_WARN_UNREACHABLE_CODE = YES;
				CLANG_WARN__DUPLICATE_METHOD_MATCH = YES;
				COPY_PHASE_STRIP = NO;
				DEBUG_INFORMATION_FORMAT = "dwarf-with-dsym";
				ENABLE_NS_ASSERTIONS = NO;
				ENABLE_STRICT_OBJC_MSGSEND = YES;
				GCC_C_LANGUAGE_STANDARD = gnu11;
				GCC_NO_COMMON_BLOCKS = YES;
				GCC_WARN_64_TO_32_BIT_CONVERSION = YES;
				GCC_WARN_ABOUT_RETURN_TYPE = YES_ERROR;
				GCC_WARN_UNDECLARED_SELECTOR = YES;
				GCC_WARN_UNINITIALIZED_AUTOS = YES_AGGRESSIVE;
				GCC_WARN_UNUSED_FUNCTION = YES;
				GCC_WARN_UNUSED_VARIABLE = YES;
				MTL_ENABLE_DEBUG_INFO = NO;
				MTL_FAST_MATH = YES;
				SWIFT_COMPILATION_MODE = wholemodule;
				SWIFT_OPTIMIZATION_LEVEL = "-O";
			};
			name = Release;
		};
		EBA8B0B428774B360069682B /* Debug */ = {
			isa = XCBuildConfiguration;
			buildSettings = {
				ASSETCATALOG_COMPILER_APPICON_NAME = AppIcon;
				ASSETCATALOG_COMPILER_GLOBAL_ACCENT_COLOR_NAME = AccentColor;
				CODE_SIGN_ENTITLEMENTS = "H4X0R News (iOS).entitlements";
				CODE_SIGN_STYLE = Automatic;
				CURRENT_PROJECT_VERSION = 1.1.0;
				DEVELOPMENT_TEAM = A64B5QV548;
				ENABLE_PREVIEWS = YES;
				GENERATE_INFOPLIST_FILE = YES;
				INFOPLIST_KEY_UIApplicationSceneManifest_Generation = YES;
				INFOPLIST_KEY_UIApplicationSupportsIndirectInputEvents = YES;
				INFOPLIST_KEY_UILaunchScreen_Generation = YES;
				INFOPLIST_KEY_UISupportedInterfaceOrientations_iPad = "UIInterfaceOrientationPortrait UIInterfaceOrientationPortraitUpsideDown UIInterfaceOrientationLandscapeLeft UIInterfaceOrientationLandscapeRight";
				INFOPLIST_KEY_UISupportedInterfaceOrientations_iPhone = "UIInterfaceOrientationPortrait UIInterfaceOrientationLandscapeLeft UIInterfaceOrientationLandscapeRight";
				IPHONEOS_DEPLOYMENT_TARGET = 15.5;
				LD_RUNPATH_SEARCH_PATHS = (
					"$(inherited)",
					"@executable_path/Frameworks",
				);
				MARKETING_VERSION = 1.0;
				PRODUCT_BUNDLE_IDENTIFIER = "com.rootdown.H4X0R-News";
				PRODUCT_NAME = "H4X0R News";
				SDKROOT = iphoneos;
				SUPPORTS_MACCATALYST = YES;
				SWIFT_EMIT_LOC_STRINGS = YES;
				SWIFT_VERSION = 5.0;
				TARGETED_DEVICE_FAMILY = "1,2";
			};
			name = Debug;
		};
		EBA8B0B528774B360069682B /* Release */ = {
			isa = XCBuildConfiguration;
			buildSettings = {
				ASSETCATALOG_COMPILER_APPICON_NAME = AppIcon;
				ASSETCATALOG_COMPILER_GLOBAL_ACCENT_COLOR_NAME = AccentColor;
				CODE_SIGN_ENTITLEMENTS = "H4X0R News (iOS).entitlements";
				CODE_SIGN_STYLE = Automatic;
				CURRENT_PROJECT_VERSION = 1.1.0;
				DEVELOPMENT_TEAM = A64B5QV548;
				ENABLE_PREVIEWS = YES;
				GENERATE_INFOPLIST_FILE = YES;
				INFOPLIST_KEY_UIApplicationSceneManifest_Generation = YES;
				INFOPLIST_KEY_UIApplicationSupportsIndirectInputEvents = YES;
				INFOPLIST_KEY_UILaunchScreen_Generation = YES;
				INFOPLIST_KEY_UISupportedInterfaceOrientations_iPad = "UIInterfaceOrientationPortrait UIInterfaceOrientationPortraitUpsideDown UIInterfaceOrientationLandscapeLeft UIInterfaceOrientationLandscapeRight";
				INFOPLIST_KEY_UISupportedInterfaceOrientations_iPhone = "UIInterfaceOrientationPortrait UIInterfaceOrientationLandscapeLeft UIInterfaceOrientationLandscapeRight";
				IPHONEOS_DEPLOYMENT_TARGET = 15.5;
				LD_RUNPATH_SEARCH_PATHS = (
					"$(inherited)",
					"@executable_path/Frameworks",
				);
				MARKETING_VERSION = 1.0;
				PRODUCT_BUNDLE_IDENTIFIER = "com.rootdown.H4X0R-News";
				PRODUCT_NAME = "H4X0R News";
				SDKROOT = iphoneos;
				SUPPORTS_MACCATALYST = YES;
				SWIFT_EMIT_LOC_STRINGS = YES;
				SWIFT_VERSION = 5.0;
				TARGETED_DEVICE_FAMILY = "1,2";
				VALIDATE_PRODUCT = YES;
			};
			name = Release;
		};
		EBA8B0B728774B360069682B /* Debug */ = {
			isa = XCBuildConfiguration;
			buildSettings = {
				ASSETCATALOG_COMPILER_APPICON_NAME = AppIcon;
				ASSETCATALOG_COMPILER_GLOBAL_ACCENT_COLOR_NAME = AccentColor;
				CODE_SIGN_ENTITLEMENTS = macOS/macOS.entitlements;
				CODE_SIGN_STYLE = Automatic;
				COMBINE_HIDPI_IMAGES = YES;
				CURRENT_PROJECT_VERSION = 1;
				DEVELOPMENT_TEAM = A64B5QV548;
				ENABLE_HARDENED_RUNTIME = YES;
				ENABLE_PREVIEWS = YES;
				GENERATE_INFOPLIST_FILE = YES;
				INFOPLIST_KEY_NSHumanReadableCopyright = "";
				LD_RUNPATH_SEARCH_PATHS = (
					"$(inherited)",
					"@executable_path/../Frameworks",
				);
				MACOSX_DEPLOYMENT_TARGET = 12.3;
				MARKETING_VERSION = 1.0;
				PRODUCT_BUNDLE_IDENTIFIER = "com.rootdown.H4X0R-News";
				PRODUCT_NAME = "H4X0R News";
				SDKROOT = macosx;
				SWIFT_EMIT_LOC_STRINGS = YES;
				SWIFT_VERSION = 5.0;
			};
			name = Debug;
		};
		EBA8B0B828774B360069682B /* Release */ = {
			isa = XCBuildConfiguration;
			buildSettings = {
				ASSETCATALOG_COMPILER_APPICON_NAME = AppIcon;
				ASSETCATALOG_COMPILER_GLOBAL_ACCENT_COLOR_NAME = AccentColor;
				CODE_SIGN_ENTITLEMENTS = macOS/macOS.entitlements;
				CODE_SIGN_STYLE = Automatic;
				COMBINE_HIDPI_IMAGES = YES;
				CURRENT_PROJECT_VERSION = 1;
				DEVELOPMENT_TEAM = A64B5QV548;
				ENABLE_HARDENED_RUNTIME = YES;
				ENABLE_PREVIEWS = YES;
				GENERATE_INFOPLIST_FILE = YES;
				INFOPLIST_KEY_NSHumanReadableCopyright = "";
				LD_RUNPATH_SEARCH_PATHS = (
					"$(inherited)",
					"@executable_path/../Frameworks",
				);
				MACOSX_DEPLOYMENT_TARGET = 12.3;
				MARKETING_VERSION = 1.0;
				PRODUCT_BUNDLE_IDENTIFIER = "com.rootdown.H4X0R-News";
				PRODUCT_NAME = "H4X0R News";
				SDKROOT = macosx;
				SWIFT_EMIT_LOC_STRINGS = YES;
				SWIFT_VERSION = 5.0;
			};
			name = Release;
		};
/* End XCBuildConfiguration section */

/* Begin XCConfigurationList section */
		EBA8B09928774B350069682B /* Build configuration list for PBXProject "H4X0R News" */ = {
			isa = XCConfigurationList;
			buildConfigurations = (
				EBA8B0B128774B360069682B /* Debug */,
				EBA8B0B228774B360069682B /* Release */,
			);
			defaultConfigurationIsVisible = 0;
			defaultConfigurationName = Release;
		};
		EBA8B0B328774B360069682B /* Build configuration list for PBXNativeTarget "H4X0R News (iOS)" */ = {
			isa = XCConfigurationList;
			buildConfigurations = (
				EBA8B0B428774B360069682B /* Debug */,
				EBA8B0B528774B360069682B /* Release */,
			);
			defaultConfigurationIsVisible = 0;
			defaultConfigurationName = Release;
		};
		EBA8B0B628774B360069682B /* Build configuration list for PBXNativeTarget "H4X0R News (macOS)" */ = {
			isa = XCConfigurationList;
			buildConfigurations = (
				EBA8B0B728774B360069682B /* Debug */,
				EBA8B0B828774B360069682B /* Release */,
			);
			defaultConfigurationIsVisible = 0;
			defaultConfigurationName = Release;
		};
/* End XCConfigurationList section */
	};
	rootObject = EBA8B09628774B350069682B /* Project object */;
}
